// !$*UTF8*$!
{
	archiveVersion = 1;
	classes = {
	};
	objectVersion = 46;
	objects = {

/* Begin PBXBuildFile section */
		28A8F8621A0282E700EB8E85 /* main.m in Sources */ = {isa = PBXBuildFile; fileRef = 28A8F8611A0282E700EB8E85 /* main.m */; };
		28A8F8651A0282E700EB8E85 /* AppDelegate.m in Sources */ = {isa = PBXBuildFile; fileRef = 28A8F8641A0282E700EB8E85 /* AppDelegate.m */; };
		28A8F8681A0282E700EB8E85 /* ViewController.m in Sources */ = {isa = PBXBuildFile; fileRef = 28A8F8671A0282E700EB8E85 /* ViewController.m */; };
		28A8F86B1A0282E700EB8E85 /* Main.storyboard in Resources */ = {isa = PBXBuildFile; fileRef = 28A8F8691A0282E700EB8E85 /* Main.storyboard */; };
		28A8F86D1A0282E700EB8E85 /* Images.xcassets in Resources */ = {isa = PBXBuildFile; fileRef = 28A8F86C1A0282E700EB8E85 /* Images.xcassets */; };
		28A8F8701A0282E700EB8E85 /* LaunchScreen.xib in Resources */ = {isa = PBXBuildFile; fileRef = 28A8F86E1A0282E700EB8E85 /* LaunchScreen.xib */; };
		28A8F87C1A0282E700EB8E85 /* MAD_Uebung1Tests.m in Sources */ = {isa = PBXBuildFile; fileRef = 28A8F87B1A0282E700EB8E85 /* MAD_Uebung1Tests.m */; };
		28A8F8861A0284D700EB8E85 /* 2013WS_EX01.pdf in Resources */ = {isa = PBXBuildFile; fileRef = 28A8F8851A0284D700EB8E85 /* 2013WS_EX01.pdf */; };
		28A8F8891A0289EE00EB8E85 /* DisplayViewController.m in Sources */ = {isa = PBXBuildFile; fileRef = 28A8F8881A0289EE00EB8E85 /* DisplayViewController.m */; };
		28A8F8E71A028F3600EB8E85 /* AFHTTPRequestOperation.m in Sources */ = {isa = PBXBuildFile; fileRef = 28A8F8C31A028F3600EB8E85 /* AFHTTPRequestOperation.m */; };
		28A8F8E81A028F3600EB8E85 /* AFHTTPRequestOperationManager.m in Sources */ = {isa = PBXBuildFile; fileRef = 28A8F8C51A028F3600EB8E85 /* AFHTTPRequestOperationManager.m */; };
		28A8F8E91A028F3600EB8E85 /* AFHTTPSessionManager.m in Sources */ = {isa = PBXBuildFile; fileRef = 28A8F8C71A028F3600EB8E85 /* AFHTTPSessionManager.m */; };
		28A8F8EA1A028F3600EB8E85 /* AFNetworkReachabilityManager.m in Sources */ = {isa = PBXBuildFile; fileRef = 28A8F8CA1A028F3600EB8E85 /* AFNetworkReachabilityManager.m */; };
		28A8F8EB1A028F3600EB8E85 /* AFSecurityPolicy.m in Sources */ = {isa = PBXBuildFile; fileRef = 28A8F8CC1A028F3600EB8E85 /* AFSecurityPolicy.m */; };
		28A8F8EC1A028F3600EB8E85 /* AFURLConnectionOperation.m in Sources */ = {isa = PBXBuildFile; fileRef = 28A8F8CE1A028F3600EB8E85 /* AFURLConnectionOperation.m */; };
		28A8F8ED1A028F3600EB8E85 /* AFURLRequestSerialization.m in Sources */ = {isa = PBXBuildFile; fileRef = 28A8F8D01A028F3600EB8E85 /* AFURLRequestSerialization.m */; };
		28A8F8EE1A028F3600EB8E85 /* AFURLResponseSerialization.m in Sources */ = {isa = PBXBuildFile; fileRef = 28A8F8D21A028F3600EB8E85 /* AFURLResponseSerialization.m */; };
		28A8F8EF1A028F3600EB8E85 /* AFURLSessionManager.m in Sources */ = {isa = PBXBuildFile; fileRef = 28A8F8D41A028F3600EB8E85 /* AFURLSessionManager.m */; };
		28A8F8F01A028F3600EB8E85 /* AFNetworkActivityIndicatorManager.m in Sources */ = {isa = PBXBuildFile; fileRef = 28A8F8D71A028F3600EB8E85 /* AFNetworkActivityIndicatorManager.m */; };
		28A8F8F11A028F3600EB8E85 /* UIActivityIndicatorView+AFNetworking.m in Sources */ = {isa = PBXBuildFile; fileRef = 28A8F8D91A028F3600EB8E85 /* UIActivityIndicatorView+AFNetworking.m */; };
		28A8F8F21A028F3600EB8E85 /* UIAlertView+AFNetworking.m in Sources */ = {isa = PBXBuildFile; fileRef = 28A8F8DB1A028F3600EB8E85 /* UIAlertView+AFNetworking.m */; };
		28A8F8F31A028F3600EB8E85 /* UIButton+AFNetworking.m in Sources */ = {isa = PBXBuildFile; fileRef = 28A8F8DD1A028F3600EB8E85 /* UIButton+AFNetworking.m */; };
		28A8F8F41A028F3600EB8E85 /* UIImageView+AFNetworking.m in Sources */ = {isa = PBXBuildFile; fileRef = 28A8F8DF1A028F3600EB8E85 /* UIImageView+AFNetworking.m */; };
		28A8F8F51A028F3600EB8E85 /* UIProgressView+AFNetworking.m in Sources */ = {isa = PBXBuildFile; fileRef = 28A8F8E21A028F3600EB8E85 /* UIProgressView+AFNetworking.m */; };
		28A8F8F61A028F3600EB8E85 /* UIRefreshControl+AFNetworking.m in Sources */ = {isa = PBXBuildFile; fileRef = 28A8F8E41A028F3600EB8E85 /* UIRefreshControl+AFNetworking.m */; };
		28A8F8F71A028F3600EB8E85 /* UIWebView+AFNetworking.m in Sources */ = {isa = PBXBuildFile; fileRef = 28A8F8E61A028F3600EB8E85 /* UIWebView+AFNetworking.m */; };
		28A8F8FA1A0297DE00EB8E85 /* Album.m in Sources */ = {isa = PBXBuildFile; fileRef = 28A8F8F91A0297DE00EB8E85 /* Album.m */; };
/* End PBXBuildFile section */

/* Begin PBXContainerItemProxy section */
		28A8F8761A0282E700EB8E85 /* PBXContainerItemProxy */ = {
			isa = PBXContainerItemProxy;
			containerPortal = 28A8F8541A0282E700EB8E85 /* Project object */;
			proxyType = 1;
			remoteGlobalIDString = 28A8F85B1A0282E700EB8E85;
			remoteInfo = MAD_Uebung1;
		};
/* End PBXContainerItemProxy section */

/* Begin PBXFileReference section */
		28A8F85C1A0282E700EB8E85 /* MAD_Uebung1.app */ = {isa = PBXFileReference; explicitFileType = wrapper.application; includeInIndex = 0; path = MAD_Uebung1.app; sourceTree = BUILT_PRODUCTS_DIR; };
		28A8F8601A0282E700EB8E85 /* Info.plist */ = {isa = PBXFileReference; lastKnownFileType = text.plist.xml; path = Info.plist; sourceTree = "<group>"; };
		28A8F8611A0282E700EB8E85 /* main.m */ = {isa = PBXFileReference; lastKnownFileType = sourcecode.c.objc; path = main.m; sourceTree = "<group>"; };
		28A8F8631A0282E700EB8E85 /* AppDelegate.h */ = {isa = PBXFileReference; lastKnownFileType = sourcecode.c.h; path = AppDelegate.h; sourceTree = "<group>"; };
		28A8F8641A0282E700EB8E85 /* AppDelegate.m */ = {isa = PBXFileReference; lastKnownFileType = sourcecode.c.objc; path = AppDelegate.m; sourceTree = "<group>"; };
		28A8F8661A0282E700EB8E85 /* ViewController.h */ = {isa = PBXFileReference; lastKnownFileType = sourcecode.c.h; path = ViewController.h; sourceTree = "<group>"; };
		28A8F8671A0282E700EB8E85 /* ViewController.m */ = {isa = PBXFileReference; lastKnownFileType = sourcecode.c.objc; path = ViewController.m; sourceTree = "<group>"; };
		28A8F86A1A0282E700EB8E85 /* Base */ = {isa = PBXFileReference; lastKnownFileType = file.storyboard; name = Base; path = Base.lproj/Main.storyboard; sourceTree = "<group>"; };
		28A8F86C1A0282E700EB8E85 /* Images.xcassets */ = {isa = PBXFileReference; lastKnownFileType = folder.assetcatalog; path = Images.xcassets; sourceTree = "<group>"; };
		28A8F86F1A0282E700EB8E85 /* Base */ = {isa = PBXFileReference; lastKnownFileType = file.xib; name = Base; path = Base.lproj/LaunchScreen.xib; sourceTree = "<group>"; };
		28A8F8751A0282E700EB8E85 /* MAD_Uebung1Tests.xctest */ = {isa = PBXFileReference; explicitFileType = wrapper.cfbundle; includeInIndex = 0; path = MAD_Uebung1Tests.xctest; sourceTree = BUILT_PRODUCTS_DIR; };
		28A8F87A1A0282E700EB8E85 /* Info.plist */ = {isa = PBXFileReference; lastKnownFileType = text.plist.xml; path = Info.plist; sourceTree = "<group>"; };
		28A8F87B1A0282E700EB8E85 /* MAD_Uebung1Tests.m */ = {isa = PBXFileReference; lastKnownFileType = sourcecode.c.objc; path = MAD_Uebung1Tests.m; sourceTree = "<group>"; };
		28A8F8851A0284D700EB8E85 /* 2013WS_EX01.pdf */ = {isa = PBXFileReference; lastKnownFileType = image.pdf; path = 2013WS_EX01.pdf; sourceTree = "<group>"; };
		28A8F8871A0289EE00EB8E85 /* DisplayViewController.h */ = {isa = PBXFileReference; fileEncoding = 4; lastKnownFileType = sourcecode.c.h; name = DisplayViewController.h; path = ../DisplayViewController.h; sourceTree = "<group>"; };
		28A8F8881A0289EE00EB8E85 /* DisplayViewController.m */ = {isa = PBXFileReference; fileEncoding = 4; lastKnownFileType = sourcecode.c.objc; name = DisplayViewController.m; path = ../DisplayViewController.m; sourceTree = "<group>"; };
		28A8F8C21A028F3600EB8E85 /* AFHTTPRequestOperation.h */ = {isa = PBXFileReference; fileEncoding = 4; lastKnownFileType = sourcecode.c.h; path = AFHTTPRequestOperation.h; sourceTree = "<group>"; };
		28A8F8C31A028F3600EB8E85 /* AFHTTPRequestOperation.m */ = {isa = PBXFileReference; fileEncoding = 4; lastKnownFileType = sourcecode.c.objc; path = AFHTTPRequestOperation.m; sourceTree = "<group>"; };
		28A8F8C41A028F3600EB8E85 /* AFHTTPRequestOperationManager.h */ = {isa = PBXFileReference; fileEncoding = 4; lastKnownFileType = sourcecode.c.h; path = AFHTTPRequestOperationManager.h; sourceTree = "<group>"; };
		28A8F8C51A028F3600EB8E85 /* AFHTTPRequestOperationManager.m */ = {isa = PBXFileReference; fileEncoding = 4; lastKnownFileType = sourcecode.c.objc; path = AFHTTPRequestOperationManager.m; sourceTree = "<group>"; };
		28A8F8C61A028F3600EB8E85 /* AFHTTPSessionManager.h */ = {isa = PBXFileReference; fileEncoding = 4; lastKnownFileType = sourcecode.c.h; path = AFHTTPSessionManager.h; sourceTree = "<group>"; };
		28A8F8C71A028F3600EB8E85 /* AFHTTPSessionManager.m */ = {isa = PBXFileReference; fileEncoding = 4; lastKnownFileType = sourcecode.c.objc; path = AFHTTPSessionManager.m; sourceTree = "<group>"; };
		28A8F8C81A028F3600EB8E85 /* AFNetworking.h */ = {isa = PBXFileReference; fileEncoding = 4; lastKnownFileType = sourcecode.c.h; path = AFNetworking.h; sourceTree = "<group>"; };
		28A8F8C91A028F3600EB8E85 /* AFNetworkReachabilityManager.h */ = {isa = PBXFileReference; fileEncoding = 4; lastKnownFileType = sourcecode.c.h; path = AFNetworkReachabilityManager.h; sourceTree = "<group>"; };
		28A8F8CA1A028F3600EB8E85 /* AFNetworkReachabilityManager.m */ = {isa = PBXFileReference; fileEncoding = 4; lastKnownFileType = sourcecode.c.objc; path = AFNetworkReachabilityManager.m; sourceTree = "<group>"; };
		28A8F8CB1A028F3600EB8E85 /* AFSecurityPolicy.h */ = {isa = PBXFileReference; fileEncoding = 4; lastKnownFileType = sourcecode.c.h; path = AFSecurityPolicy.h; sourceTree = "<group>"; };
		28A8F8CC1A028F3600EB8E85 /* AFSecurityPolicy.m */ = {isa = PBXFileReference; fileEncoding = 4; lastKnownFileType = sourcecode.c.objc; path = AFSecurityPolicy.m; sourceTree = "<group>"; };
		28A8F8CD1A028F3600EB8E85 /* AFURLConnectionOperation.h */ = {isa = PBXFileReference; fileEncoding = 4; lastKnownFileType = sourcecode.c.h; path = AFURLConnectionOperation.h; sourceTree = "<group>"; };
		28A8F8CE1A028F3600EB8E85 /* AFURLConnectionOperation.m */ = {isa = PBXFileReference; fileEncoding = 4; lastKnownFileType = sourcecode.c.objc; path = AFURLConnectionOperation.m; sourceTree = "<group>"; };
		28A8F8CF1A028F3600EB8E85 /* AFURLRequestSerialization.h */ = {isa = PBXFileReference; fileEncoding = 4; lastKnownFileType = sourcecode.c.h; path = AFURLRequestSerialization.h; sourceTree = "<group>"; };
		28A8F8D01A028F3600EB8E85 /* AFURLRequestSerialization.m */ = {isa = PBXFileReference; fileEncoding = 4; lastKnownFileType = sourcecode.c.objc; path = AFURLRequestSerialization.m; sourceTree = "<group>"; };
		28A8F8D11A028F3600EB8E85 /* AFURLResponseSerialization.h */ = {isa = PBXFileReference; fileEncoding = 4; lastKnownFileType = sourcecode.c.h; path = AFURLResponseSerialization.h; sourceTree = "<group>"; };
		28A8F8D21A028F3600EB8E85 /* AFURLResponseSerialization.m */ = {isa = PBXFileReference; fileEncoding = 4; lastKnownFileType = sourcecode.c.objc; path = AFURLResponseSerialization.m; sourceTree = "<group>"; };
		28A8F8D31A028F3600EB8E85 /* AFURLSessionManager.h */ = {isa = PBXFileReference; fileEncoding = 4; lastKnownFileType = sourcecode.c.h; path = AFURLSessionManager.h; sourceTree = "<group>"; };
		28A8F8D41A028F3600EB8E85 /* AFURLSessionManager.m */ = {isa = PBXFileReference; fileEncoding = 4; lastKnownFileType = sourcecode.c.objc; path = AFURLSessionManager.m; sourceTree = "<group>"; };
		28A8F8D61A028F3600EB8E85 /* AFNetworkActivityIndicatorManager.h */ = {isa = PBXFileReference; fileEncoding = 4; lastKnownFileType = sourcecode.c.h; path = AFNetworkActivityIndicatorManager.h; sourceTree = "<group>"; };
		28A8F8D71A028F3600EB8E85 /* AFNetworkActivityIndicatorManager.m */ = {isa = PBXFileReference; fileEncoding = 4; lastKnownFileType = sourcecode.c.objc; path = AFNetworkActivityIndicatorManager.m; sourceTree = "<group>"; };
		28A8F8D81A028F3600EB8E85 /* UIActivityIndicatorView+AFNetworking.h */ = {isa = PBXFileReference; fileEncoding = 4; lastKnownFileType = sourcecode.c.h; path = "UIActivityIndicatorView+AFNetworking.h"; sourceTree = "<group>"; };
		28A8F8D91A028F3600EB8E85 /* UIActivityIndicatorView+AFNetworking.m */ = {isa = PBXFileReference; fileEncoding = 4; lastKnownFileType = sourcecode.c.objc; path = "UIActivityIndicatorView+AFNetworking.m"; sourceTree = "<group>"; };
		28A8F8DA1A028F3600EB8E85 /* UIAlertView+AFNetworking.h */ = {isa = PBXFileReference; fileEncoding = 4; lastKnownFileType = sourcecode.c.h; path = "UIAlertView+AFNetworking.h"; sourceTree = "<group>"; };
		28A8F8DB1A028F3600EB8E85 /* UIAlertView+AFNetworking.m */ = {isa = PBXFileReference; fileEncoding = 4; lastKnownFileType = sourcecode.c.objc; path = "UIAlertView+AFNetworking.m"; sourceTree = "<group>"; };
		28A8F8DC1A028F3600EB8E85 /* UIButton+AFNetworking.h */ = {isa = PBXFileReference; fileEncoding = 4; lastKnownFileType = sourcecode.c.h; path = "UIButton+AFNetworking.h"; sourceTree = "<group>"; };
		28A8F8DD1A028F3600EB8E85 /* UIButton+AFNetworking.m */ = {isa = PBXFileReference; fileEncoding = 4; lastKnownFileType = sourcecode.c.objc; path = "UIButton+AFNetworking.m"; sourceTree = "<group>"; };
		28A8F8DE1A028F3600EB8E85 /* UIImageView+AFNetworking.h */ = {isa = PBXFileReference; fileEncoding = 4; lastKnownFileType = sourcecode.c.h; path = "UIImageView+AFNetworking.h"; sourceTree = "<group>"; };
		28A8F8DF1A028F3600EB8E85 /* UIImageView+AFNetworking.m */ = {isa = PBXFileReference; fileEncoding = 4; lastKnownFileType = sourcecode.c.objc; path = "UIImageView+AFNetworking.m"; sourceTree = "<group>"; };
		28A8F8E01A028F3600EB8E85 /* UIKit+AFNetworking.h */ = {isa = PBXFileReference; fileEncoding = 4; lastKnownFileType = sourcecode.c.h; path = "UIKit+AFNetworking.h"; sourceTree = "<group>"; };
		28A8F8E11A028F3600EB8E85 /* UIProgressView+AFNetworking.h */ = {isa = PBXFileReference; fileEncoding = 4; lastKnownFileType = sourcecode.c.h; path = "UIProgressView+AFNetworking.h"; sourceTree = "<group>"; };
		28A8F8E21A028F3600EB8E85 /* UIProgressView+AFNetworking.m */ = {isa = PBXFileReference; fileEncoding = 4; lastKnownFileType = sourcecode.c.objc; path = "UIProgressView+AFNetworking.m"; sourceTree = "<group>"; };
		28A8F8E31A028F3600EB8E85 /* UIRefreshControl+AFNetworking.h */ = {isa = PBXFileReference; fileEncoding = 4; lastKnownFileType = sourcecode.c.h; path = "UIRefreshControl+AFNetworking.h"; sourceTree = "<group>"; };
		28A8F8E41A028F3600EB8E85 /* UIRefreshControl+AFNetworking.m */ = {isa = PBXFileReference; fileEncoding = 4; lastKnownFileType = sourcecode.c.objc; path = "UIRefreshControl+AFNetworking.m"; sourceTree = "<group>"; };
		28A8F8E51A028F3600EB8E85 /* UIWebView+AFNetworking.h */ = {isa = PBXFileReference; fileEncoding = 4; lastKnownFileType = sourcecode.c.h; path = "UIWebView+AFNetworking.h"; sourceTree = "<group>"; };
		28A8F8E61A028F3600EB8E85 /* UIWebView+AFNetworking.m */ = {isa = PBXFileReference; fileEncoding = 4; lastKnownFileType = sourcecode.c.objc; path = "UIWebView+AFNetworking.m"; sourceTree = "<group>"; };
		28A8F8F81A0297DE00EB8E85 /* Album.h */ = {isa = PBXFileReference; fileEncoding = 4; lastKnownFileType = sourcecode.c.h; name = Album.h; path = ../Album.h; sourceTree = "<group>"; };
		28A8F8F91A0297DE00EB8E85 /* Album.m */ = {isa = PBXFileReference; fileEncoding = 4; lastKnownFileType = sourcecode.c.objc; name = Album.m; path = ../Album.m; sourceTree = "<group>"; };
/* End PBXFileReference section */

/* Begin PBXFrameworksBuildPhase section */
		28A8F8591A0282E700EB8E85 /* Frameworks */ = {
			isa = PBXFrameworksBuildPhase;
			buildActionMask = 2147483647;
			files = (
			);
			runOnlyForDeploymentPostprocessing = 0;
		};
		28A8F8721A0282E700EB8E85 /* Frameworks */ = {
			isa = PBXFrameworksBuildPhase;
			buildActionMask = 2147483647;
			files = (
			);
			runOnlyForDeploymentPostprocessing = 0;
		};
/* End PBXFrameworksBuildPhase section */

/* Begin PBXGroup section */
		28A8F8531A0282E700EB8E85 = {
			isa = PBXGroup;
			children = (
				28A8F8851A0284D700EB8E85 /* 2013WS_EX01.pdf */,
				28A8F85E1A0282E700EB8E85 /* MAD_Uebung1 */,
				28A8F8781A0282E700EB8E85 /* MAD_Uebung1Tests */,
				28A8F85D1A0282E700EB8E85 /* Products */,
			);
			sourceTree = "<group>";
		};
		28A8F85D1A0282E700EB8E85 /* Products */ = {
			isa = PBXGroup;
			children = (
				28A8F85C1A0282E700EB8E85 /* MAD_Uebung1.app */,
				28A8F8751A0282E700EB8E85 /* MAD_Uebung1Tests.xctest */,
			);
			name = Products;
			sourceTree = "<group>";
		};
		28A8F85E1A0282E700EB8E85 /* MAD_Uebung1 */ = {
			isa = PBXGroup;
			children = (
				28A8F8C11A028F3600EB8E85 /* AFNetworking */,
				28A8F8D51A028F3600EB8E85 /* UIKit+AFNetworking */,
				28A8F8F81A0297DE00EB8E85 /* Album.h */,
				28A8F8F91A0297DE00EB8E85 /* Album.m */,
				28A8F8871A0289EE00EB8E85 /* DisplayViewController.h */,
				28A8F8881A0289EE00EB8E85 /* DisplayViewController.m */,
				28A8F8631A0282E700EB8E85 /* AppDelegate.h */,
				28A8F8641A0282E700EB8E85 /* AppDelegate.m */,
				28A8F8661A0282E700EB8E85 /* ViewController.h */,
				28A8F8671A0282E700EB8E85 /* ViewController.m */,
				28A8F8691A0282E700EB8E85 /* Main.storyboard */,
				28A8F86C1A0282E700EB8E85 /* Images.xcassets */,
				28A8F86E1A0282E700EB8E85 /* LaunchScreen.xib */,
				28A8F85F1A0282E700EB8E85 /* Supporting Files */,
			);
			path = MAD_Uebung1;
			sourceTree = "<group>";
		};
		28A8F85F1A0282E700EB8E85 /* Supporting Files */ = {
			isa = PBXGroup;
			children = (
				28A8F8601A0282E700EB8E85 /* Info.plist */,
				28A8F8611A0282E700EB8E85 /* main.m */,
			);
			name = "Supporting Files";
			sourceTree = "<group>";
		};
		28A8F8781A0282E700EB8E85 /* MAD_Uebung1Tests */ = {
			isa = PBXGroup;
			children = (
				28A8F87B1A0282E700EB8E85 /* MAD_Uebung1Tests.m */,
				28A8F8791A0282E700EB8E85 /* Supporting Files */,
			);
			path = MAD_Uebung1Tests;
			sourceTree = "<group>";
		};
		28A8F8791A0282E700EB8E85 /* Supporting Files */ = {
			isa = PBXGroup;
			children = (
				28A8F87A1A0282E700EB8E85 /* Info.plist */,
			);
			name = "Supporting Files";
			sourceTree = "<group>";
		};
		28A8F8C11A028F3600EB8E85 /* AFNetworking */ = {
			isa = PBXGroup;
			children = (
				28A8F8C21A028F3600EB8E85 /* AFHTTPRequestOperation.h */,
				28A8F8C31A028F3600EB8E85 /* AFHTTPRequestOperation.m */,
				28A8F8C41A028F3600EB8E85 /* AFHTTPRequestOperationManager.h */,
				28A8F8C51A028F3600EB8E85 /* AFHTTPRequestOperationManager.m */,
				28A8F8C61A028F3600EB8E85 /* AFHTTPSessionManager.h */,
				28A8F8C71A028F3600EB8E85 /* AFHTTPSessionManager.m */,
				28A8F8C81A028F3600EB8E85 /* AFNetworking.h */,
				28A8F8C91A028F3600EB8E85 /* AFNetworkReachabilityManager.h */,
				28A8F8CA1A028F3600EB8E85 /* AFNetworkReachabilityManager.m */,
				28A8F8CB1A028F3600EB8E85 /* AFSecurityPolicy.h */,
				28A8F8CC1A028F3600EB8E85 /* AFSecurityPolicy.m */,
				28A8F8CD1A028F3600EB8E85 /* AFURLConnectionOperation.h */,
				28A8F8CE1A028F3600EB8E85 /* AFURLConnectionOperation.m */,
				28A8F8CF1A028F3600EB8E85 /* AFURLRequestSerialization.h */,
				28A8F8D01A028F3600EB8E85 /* AFURLRequestSerialization.m */,
				28A8F8D11A028F3600EB8E85 /* AFURLResponseSerialization.h */,
				28A8F8D21A028F3600EB8E85 /* AFURLResponseSerialization.m */,
				28A8F8D31A028F3600EB8E85 /* AFURLSessionManager.h */,
				28A8F8D41A028F3600EB8E85 /* AFURLSessionManager.m */,
			);
			path = AFNetworking;
			sourceTree = "<group>";
		};
		28A8F8D51A028F3600EB8E85 /* UIKit+AFNetworking */ = {
			isa = PBXGroup;
			children = (
				28A8F8D61A028F3600EB8E85 /* AFNetworkActivityIndicatorManager.h */,
				28A8F8D71A028F3600EB8E85 /* AFNetworkActivityIndicatorManager.m */,
				28A8F8D81A028F3600EB8E85 /* UIActivityIndicatorView+AFNetworking.h */,
				28A8F8D91A028F3600EB8E85 /* UIActivityIndicatorView+AFNetworking.m */,
				28A8F8DA1A028F3600EB8E85 /* UIAlertView+AFNetworking.h */,
				28A8F8DB1A028F3600EB8E85 /* UIAlertView+AFNetworking.m */,
				28A8F8DC1A028F3600EB8E85 /* UIButton+AFNetworking.h */,
				28A8F8DD1A028F3600EB8E85 /* UIButton+AFNetworking.m */,
				28A8F8DE1A028F3600EB8E85 /* UIImageView+AFNetworking.h */,
				28A8F8DF1A028F3600EB8E85 /* UIImageView+AFNetworking.m */,
				28A8F8E01A028F3600EB8E85 /* UIKit+AFNetworking.h */,
				28A8F8E11A028F3600EB8E85 /* UIProgressView+AFNetworking.h */,
				28A8F8E21A028F3600EB8E85 /* UIProgressView+AFNetworking.m */,
				28A8F8E31A028F3600EB8E85 /* UIRefreshControl+AFNetworking.h */,
				28A8F8E41A028F3600EB8E85 /* UIRefreshControl+AFNetworking.m */,
				28A8F8E51A028F3600EB8E85 /* UIWebView+AFNetworking.h */,
				28A8F8E61A028F3600EB8E85 /* UIWebView+AFNetworking.m */,
			);
			path = "UIKit+AFNetworking";
			sourceTree = "<group>";
		};
/* End PBXGroup section */

/* Begin PBXNativeTarget section */
		28A8F85B1A0282E700EB8E85 /* MAD_Uebung1 */ = {
			isa = PBXNativeTarget;
			buildConfigurationList = 28A8F87F1A0282E700EB8E85 /* Build configuration list for PBXNativeTarget "MAD_Uebung1" */;
			buildPhases = (
				28A8F8581A0282E700EB8E85 /* Sources */,
				28A8F8591A0282E700EB8E85 /* Frameworks */,
				28A8F85A1A0282E700EB8E85 /* Resources */,
			);
			buildRules = (
			);
			dependencies = (
			);
			name = MAD_Uebung1;
			productName = MAD_Uebung1;
			productReference = 28A8F85C1A0282E700EB8E85 /* MAD_Uebung1.app */;
			productType = "com.apple.product-type.application";
		};
		28A8F8741A0282E700EB8E85 /* MAD_Uebung1Tests */ = {
			isa = PBXNativeTarget;
			buildConfigurationList = 28A8F8821A0282E700EB8E85 /* Build configuration list for PBXNativeTarget "MAD_Uebung1Tests" */;
			buildPhases = (
				28A8F8711A0282E700EB8E85 /* Sources */,
				28A8F8721A0282E700EB8E85 /* Frameworks */,
				28A8F8731A0282E700EB8E85 /* Resources */,
			);
			buildRules = (
			);
			dependencies = (
				28A8F8771A0282E700EB8E85 /* PBXTargetDependency */,
			);
			name = MAD_Uebung1Tests;
			productName = MAD_Uebung1Tests;
			productReference = 28A8F8751A0282E700EB8E85 /* MAD_Uebung1Tests.xctest */;
			productType = "com.apple.product-type.bundle.unit-test";
		};
/* End PBXNativeTarget section */

/* Begin PBXProject section */
		28A8F8541A0282E700EB8E85 /* Project object */ = {
			isa = PBXProject;
			attributes = {
				LastUpgradeCheck = 0610;
				ORGANIZATIONNAME = "Gartner&Krammer";
				TargetAttributes = {
					28A8F85B1A0282E700EB8E85 = {
						CreatedOnToolsVersion = 6.1;
					};
					28A8F8741A0282E700EB8E85 = {
						CreatedOnToolsVersion = 6.1;
						TestTargetID = 28A8F85B1A0282E700EB8E85;
					};
				};
			};
			buildConfigurationList = 28A8F8571A0282E700EB8E85 /* Build configuration list for PBXProject "MAD_Uebung1" */;
			compatibilityVersion = "Xcode 3.2";
			developmentRegion = English;
			hasScannedForEncodings = 0;
			knownRegions = (
				en,
				Base,
			);
			mainGroup = 28A8F8531A0282E700EB8E85;
			productRefGroup = 28A8F85D1A0282E700EB8E85 /* Products */;
			projectDirPath = "";
			projectRoot = "";
			targets = (
				28A8F85B1A0282E700EB8E85 /* MAD_Uebung1 */,
				28A8F8741A0282E700EB8E85 /* MAD_Uebung1Tests */,
			);
		};
/* End PBXProject section */

/* Begin PBXResourcesBuildPhase section */
		28A8F85A1A0282E700EB8E85 /* Resources */ = {
			isa = PBXResourcesBuildPhase;
			buildActionMask = 2147483647;
			files = (
				28A8F8861A0284D700EB8E85 /* 2013WS_EX01.pdf in Resources */,
				28A8F86B1A0282E700EB8E85 /* Main.storyboard in Resources */,
				28A8F8701A0282E700EB8E85 /* LaunchScreen.xib in Resources */,
				28A8F86D1A0282E700EB8E85 /* Images.xcassets in Resources */,
			);
			runOnlyForDeploymentPostprocessing = 0;
		};
		28A8F8731A0282E700EB8E85 /* Resources */ = {
			isa = PBXResourcesBuildPhase;
			buildActionMask = 2147483647;
			files = (
			);
			runOnlyForDeploymentPostprocessing = 0;
		};
/* End PBXResourcesBuildPhase section */

/* Begin PBXSourcesBuildPhase section */
		28A8F8581A0282E700EB8E85 /* Sources */ = {
			isa = PBXSourcesBuildPhase;
			buildActionMask = 2147483647;
			files = (
				28A8F8F51A028F3600EB8E85 /* UIProgressView+AFNetworking.m in Sources */,
				28A8F8F31A028F3600EB8E85 /* UIButton+AFNetworking.m in Sources */,
				28A8F8F61A028F3600EB8E85 /* UIRefreshControl+AFNetworking.m in Sources */,
				28A8F8F21A028F3600EB8E85 /* UIAlertView+AFNetworking.m in Sources */,
				28A8F8681A0282E700EB8E85 /* ViewController.m in Sources */,
				28A8F8EB1A028F3600EB8E85 /* AFSecurityPolicy.m in Sources */,
				28A8F8651A0282E700EB8E85 /* AppDelegate.m in Sources */,
				28A8F8E81A028F3600EB8E85 /* AFHTTPRequestOperationManager.m in Sources */,
				28A8F8EC1A028F3600EB8E85 /* AFURLConnectionOperation.m in Sources */,
				28A8F8F41A028F3600EB8E85 /* UIImageView+AFNetworking.m in Sources */,
				28A8F8E71A028F3600EB8E85 /* AFHTTPRequestOperation.m in Sources */,
				28A8F8F11A028F3600EB8E85 /* UIActivityIndicatorView+AFNetworking.m in Sources */,
				28A8F8621A0282E700EB8E85 /* main.m in Sources */,
				28A8F8ED1A028F3600EB8E85 /* AFURLRequestSerialization.m in Sources */,
				28A8F8E91A028F3600EB8E85 /* AFHTTPSessionManager.m in Sources */,
				28A8F8EA1A028F3600EB8E85 /* AFNetworkReachabilityManager.m in Sources */,
				28A8F8EE1A028F3600EB8E85 /* AFURLResponseSerialization.m in Sources */,
				28A8F8F71A028F3600EB8E85 /* UIWebView+AFNetworking.m in Sources */,
				28A8F8EF1A028F3600EB8E85 /* AFURLSessionManager.m in Sources */,
				28A8F8F01A028F3600EB8E85 /* AFNetworkActivityIndicatorManager.m in Sources */,
				28A8F8891A0289EE00EB8E85 /* DisplayViewController.m in Sources */,
				28A8F8FA1A0297DE00EB8E85 /* Album.m in Sources */,
			);
			runOnlyForDeploymentPostprocessing = 0;
		};
		28A8F8711A0282E700EB8E85 /* Sources */ = {
			isa = PBXSourcesBuildPhase;
			buildActionMask = 2147483647;
			files = (
				28A8F87C1A0282E700EB8E85 /* MAD_Uebung1Tests.m in Sources */,
			);
			runOnlyForDeploymentPostprocessing = 0;
		};
/* End PBXSourcesBuildPhase section */

/* Begin PBXTargetDependency section */
		28A8F8771A0282E700EB8E85 /* PBXTargetDependency */ = {
			isa = PBXTargetDependency;
			target = 28A8F85B1A0282E700EB8E85 /* MAD_Uebung1 */;
			targetProxy = 28A8F8761A0282E700EB8E85 /* PBXContainerItemProxy */;
		};
/* End PBXTargetDependency section */

/* Begin PBXVariantGroup section */
		28A8F8691A0282E700EB8E85 /* Main.storyboard */ = {
			isa = PBXVariantGroup;
			children = (
				28A8F86A1A0282E700EB8E85 /* Base */,
			);
			name = Main.storyboard;
			sourceTree = "<group>";
		};
		28A8F86E1A0282E700EB8E85 /* LaunchScreen.xib */ = {
			isa = PBXVariantGroup;
			children = (
				28A8F86F1A0282E700EB8E85 /* Base */,
			);
			name = LaunchScreen.xib;
			sourceTree = "<group>";
		};
/* End PBXVariantGroup section */

/* Begin XCBuildConfiguration section */
		28A8F87D1A0282E700EB8E85 /* Debug */ = {
			isa = XCBuildConfiguration;
			buildSettings = {
				ALWAYS_SEARCH_USER_PATHS = NO;
				CLANG_CXX_LANGUAGE_STANDARD = "gnu++0x";
				CLANG_CXX_LIBRARY = "libc++";
				CLANG_ENABLE_MODULES = YES;
				CLANG_ENABLE_OBJC_ARC = YES;
				CLANG_WARN_BOOL_CONVERSION = YES;
				CLANG_WARN_CONSTANT_CONVERSION = YES;
				CLANG_WARN_DIRECT_OBJC_ISA_USAGE = YES_ERROR;
				CLANG_WARN_EMPTY_BODY = YES;
				CLANG_WARN_ENUM_CONVERSION = YES;
				CLANG_WARN_INT_CONVERSION = YES;
				CLANG_WARN_OBJC_ROOT_CLASS = YES_ERROR;
				CLANG_WARN_UNREACHABLE_CODE = YES;
				CLANG_WARN__DUPLICATE_METHOD_MATCH = YES;
				"CODE_SIGN_IDENTITY[sdk=iphoneos*]" = "iPhone Developer";
				COPY_PHASE_STRIP = NO;
				ENABLE_STRICT_OBJC_MSGSEND = YES;
				GCC_C_LANGUAGE_STANDARD = gnu99;
				GCC_DYNAMIC_NO_PIC = NO;
				GCC_OPTIMIZATION_LEVEL = 0;
				GCC_PREPROCESSOR_DEFINITIONS = (
					"DEBUG=1",
					"$(inherited)",
				);
				GCC_SYMBOLS_PRIVATE_EXTERN = NO;
				GCC_WARN_64_TO_32_BIT_CONVERSION = YES;
				GCC_WARN_ABOUT_RETURN_TYPE = YES_ERROR;
				GCC_WARN_UNDECLARED_SELECTOR = YES;
				GCC_WARN_UNINITIALIZED_AUTOS = YES_AGGRESSIVE;
				GCC_WARN_UNUSED_FUNCTION = YES;
				GCC_WARN_UNUSED_VARIABLE = YES;
				IPHONEOS_DEPLOYMENT_TARGET = 8.1;
				MTL_ENABLE_DEBUG_INFO = YES;
				ONLY_ACTIVE_ARCH = YES;
				SDKROOT = iphoneos;
			};
			name = Debug;
		};
		28A8F87E1A0282E700EB8E85 /* Release */ = {
			isa = XCBuildConfiguration;
			buildSettings = {
				ALWAYS_SEARCH_USER_PATHS = NO;
				CLANG_CXX_LANGUAGE_STANDARD = "gnu++0x";
				CLANG_CXX_LIBRARY = "libc++";
				CLANG_ENABLE_MODULES = YES;
				CLANG_ENABLE_OBJC_ARC = YES;
				CLANG_WARN_BOOL_CONVERSION = YES;
				CLANG_WARN_CONSTANT_CONVERSION = YES;
				CLANG_WARN_DIRECT_OBJC_ISA_USAGE = YES_ERROR;
				CLANG_WARN_EMPTY_BODY = YES;
				CLANG_WARN_ENUM_CONVERSION = YES;
				CLANG_WARN_INT_CONVERSION = YES;
				CLANG_WARN_OBJC_ROOT_CLASS = YES_ERROR;
				CLANG_WARN_UNREACHABLE_CODE = YES;
				CLANG_WARN__DUPLICATE_METHOD_MATCH = YES;
				"CODE_SIGN_IDENTITY[sdk=iphoneos*]" = "iPhone Developer";
				COPY_PHASE_STRIP = YES;
				ENABLE_NS_ASSERTIONS = NO;
				ENABLE_STRICT_OBJC_MSGSEND = YES;
				GCC_C_LANGUAGE_STANDARD = gnu99;
				GCC_WARN_64_TO_32_BIT_CONVERSION = YES;
				GCC_WARN_ABOUT_RETURN_TYPE = YES_ERROR;
				GCC_WARN_UNDECLARED_SELECTOR = YES;
				GCC_WARN_UNINITIALIZED_AUTOS = YES_AGGRESSIVE;
				GCC_WARN_UNUSED_FUNCTION = YES;
				GCC_WARN_UNUSED_VARIABLE = YES;
				IPHONEOS_DEPLOYMENT_TARGET = 8.1;
				MTL_ENABLE_DEBUG_INFO = NO;
				SDKROOT = iphoneos;
				VALIDATE_PRODUCT = YES;
			};
			name = Release;
		};
		28A8F8801A0282E700EB8E85 /* Debug */ = {
			isa = XCBuildConfiguration;
			buildSettings = {
				ASSETCATALOG_COMPILER_APPICON_NAME = AppIcon;
				INFOPLIST_FILE = MAD_Uebung1/Info.plist;
				LD_RUNPATH_SEARCH_PATHS = "$(inherited) @executable_path/Frameworks";
				PRODUCT_NAME = "$(TARGET_NAME)";
			};
			name = Debug;
		};
		28A8F8811A0282E700EB8E85 /* Release */ = {
			isa = XCBuildConfiguration;
			buildSettings = {
				ASSETCATALOG_COMPILER_APPICON_NAME = AppIcon;
				INFOPLIST_FILE = MAD_Uebung1/Info.plist;
				LD_RUNPATH_SEARCH_PATHS = "$(inherited) @executable_path/Frameworks";
				PRODUCT_NAME = "$(TARGET_NAME)";
			};
			name = Release;
		};
		28A8F8831A0282E700EB8E85 /* Debug */ = {
			isa = XCBuildConfiguration;
			buildSettings = {
				BUNDLE_LOADER = "$(TEST_HOST)";
				FRAMEWORK_SEARCH_PATHS = (
					"$(SDKROOT)/Developer/Library/Frameworks",
					"$(inherited)",
				);
				GCC_PREPROCESSOR_DEFINITIONS = (
					"DEBUG=1",
					"$(inherited)",
				);
				INFOPLIST_FILE = MAD_Uebung1Tests/Info.plist;
				LD_RUNPATH_SEARCH_PATHS = "$(inherited) @executable_path/Frameworks @loader_path/Frameworks";
				PRODUCT_NAME = "$(TARGET_NAME)";
				TEST_HOST = "$(BUILT_PRODUCTS_DIR)/MAD_Uebung1.app/MAD_Uebung1";
			};
			name = Debug;
		};
		28A8F8841A0282E700EB8E85 /* Release */ = {
			isa = XCBuildConfiguration;
			buildSettings = {
				BUNDLE_LOADER = "$(TEST_HOST)";
				FRAMEWORK_SEARCH_PATHS = (
					"$(SDKROOT)/Developer/Library/Frameworks",
					"$(inherited)",
				);
				INFOPLIST_FILE = MAD_Uebung1Tests/Info.plist;
				LD_RUNPATH_SEARCH_PATHS = "$(inherited) @executable_path/Frameworks @loader_path/Frameworks";
				PRODUCT_NAME = "$(TARGET_NAME)";
				TEST_HOST = "$(BUILT_PRODUCTS_DIR)/MAD_Uebung1.app/MAD_Uebung1";
			};
			name = Release;
		};
/* End XCBuildConfiguration section */

/* Begin XCConfigurationList section */
		28A8F8571A0282E700EB8E85 /* Build configuration list for PBXProject "MAD_Uebung1" */ = {
			isa = XCConfigurationList;
			buildConfigurations = (
				28A8F87D1A0282E700EB8E85 /* Debug */,
				28A8F87E1A0282E700EB8E85 /* Release */,
			);
			defaultConfigurationIsVisible = 0;
			defaultConfigurationName = Release;
		};
		28A8F87F1A0282E700EB8E85 /* Build configuration list for PBXNativeTarget "MAD_Uebung1" */ = {
			isa = XCConfigurationList;
			buildConfigurations = (
				28A8F8801A0282E700EB8E85 /* Debug */,
				28A8F8811A0282E700EB8E85 /* Release */,
			);
			defaultConfigurationIsVisible = 0;
			defaultConfigurationName = Release;
		};
		28A8F8821A0282E700EB8E85 /* Build configuration list for PBXNativeTarget "MAD_Uebung1Tests" */ = {
			isa = XCConfigurationList;
			buildConfigurations = (
				28A8F8831A0282E700EB8E85 /* Debug */,
				28A8F8841A0282E700EB8E85 /* Release */,
			);
			defaultConfigurationIsVisible = 0;
			defaultConfigurationName = Release;
		};
/* End XCConfigurationList section */
	};
	rootObject = 28A8F8541A0282E700EB8E85 /* Project object */;
}
